
Microsoft Visual Studio Solution File, Format Version 12.00
# Visual Studio Version 17
VisualStudioVersion = 17.11.35327.3
MinimumVisualStudioVersion = 10.0.40219.1
Project("{FAE04EC0-301F-11D3-BF4B-00C04F79EFBC}") = "Connect Four", "Connect Four\Connect Four.csproj", "{69DBA5A7-0221-4BEB-BFD2-92A177CE8216}"
EndProject
Global
	GlobalSection(SolutionConfigurationPlatforms) = preSolution
		Debug|Any CPU = Debug|Any CPU
		Release|Any CPU = Release|Any CPU
	EndGlobalSection
	GlobalSection(ProjectConfigurationPlatforms) = postSolution
		{69DBA5A7-0221-4BEB-BFD2-92A177CE8216}.Debug|Any CPU.ActiveCfg = Debug|Any CPU
		{69DBA5A7-0221-4BEB-BFD2-92A177CE8216}.Debug|Any CPU.Build.0 = Debug|Any CPU
		{69DBA5A7-0221-4BEB-BFD2-92A177CE8216}.Debug|Any CPU.Deploy.0 = Debug|Any CPU
		{69DBA5A7-0221-4BEB-BFD2-92A177CE8216}.Release|Any CPU.ActiveCfg = Release|Any CPU
		{69DBA5A7-0221-4BEB-BFD2-92A177CE8216}.Release|Any CPU.Build.0 = Release|Any CPU
		{69DBA5A7-0221-4BEB-BFD2-92A177CE8216}.Release|Any CPU.Deploy.0 = Release|Any CPU
	EndGlobalSection
	GlobalSection(SolutionProperties) = preSolution
		HideSolutionNode = FALSE
	EndGlobalSection
	GlobalSection(ExtensibilityGlobals) = postSolution
		SolutionGuid = {27A9C42D-8942-444E-BAEC-ECF806E73C07}
	EndGlobalSection
EndGlobal
